
Microsoft Visual Studio Solution File, Format Version 12.00
# Visual Studio Version 16
VisualStudioVersion = 16.0.29519.181
MinimumVisualStudioVersion = 10.0.40219.1
Project("{FAE04EC0-301F-11D3-BF4B-00C04F79EFBC}") = "TalkingClock", "TalkingClock\TalkingClock.csproj", "{44C51941-D26F-4D27-A66B-4F61F487B151}"
EndProject
Global
	GlobalSection(SolutionConfigurationPlatforms) = preSolution
		Debug|Any CPU = Debug|Any CPU
		Release|Any CPU = Release|Any CPU
	EndGlobalSection
	GlobalSection(ProjectConfigurationPlatforms) = postSolution
		{44C51941-D26F-4D27-A66B-4F61F487B151}.Debug|Any CPU.ActiveCfg = Debug|Any CPU
		{44C51941-D26F-4D27-A66B-4F61F487B151}.Debug|Any CPU.Build.0 = Debug|Any CPU
		{44C51941-D26F-4D27-A66B-4F61F487B151}.Release|Any CPU.ActiveCfg = Release|Any CPU
		{44C51941-D26F-4D27-A66B-4F61F487B151}.Release|Any CPU.Build.0 = Release|Any CPU
	EndGlobalSection
	GlobalSection(SolutionProperties) = preSolution
		HideSolutionNode = FALSE
	EndGlobalSection
	GlobalSection(ExtensibilityGlobals) = postSolution
		SolutionGuid = {59076310-1B7F-4329-AC70-899D1E75CF4A}
	EndGlobalSection
EndGlobal
